
Microsoft Visual Studio Solution File, Format Version 11.00
# Visual Studio 2010
Project("{FAE04EC0-301F-11D3-BF4B-00C04F79EFBC}") = "BCSS", "BCSS.csproj", "{5C333CDE-41D5-4BE7-9715-3B145C03A355}"
EndProject
Global
	GlobalSection(SolutionConfigurationPlatforms) = preSolution
		Debug|Any CPU = Debug|Any CPU
		Release|Any CPU = Release|Any CPU
	EndGlobalSection
	GlobalSection(ProjectConfigurationPlatforms) = postSolution
		{5C333CDE-41D5-4BE7-9715-3B145C03A355}.Debug|Any CPU.ActiveCfg = Debug|Any CPU
		{5C333CDE-41D5-4BE7-9715-3B145C03A355}.Debug|Any CPU.Build.0 = Debug|Any CPU
		{5C333CDE-41D5-4BE7-9715-3B145C03A355}.Release|Any CPU.ActiveCfg = Release|Any CPU
		{5C333CDE-41D5-4BE7-9715-3B145C03A355}.Release|Any CPU.Build.0 = Release|Any CPU
	EndGlobalSection
	GlobalSection(SolutionProperties) = preSolution
		HideSolutionNode = FALSE
	EndGlobalSection
EndGlobal
